
Microsoft Visual Studio Solution File, Format Version 12.00
# Visual Studio Version 17
VisualStudioVersion = 17.3.32929.385
MinimumVisualStudioVersion = 10.0.40219.1
Project("{FAE04EC0-301F-11D3-BF4B-00C04F79EFBC}") = "FlatBufferEx", "FlatBufferEx.csproj", "{8E915841-F553-4385-B302-716149DD1403}"
EndProject
Global
	GlobalSection(SolutionConfigurationPlatforms) = preSolution
		Debug|Any CPU = Debug|Any CPU
		Release|Any CPU = Release|Any CPU
	EndGlobalSection
	GlobalSection(ProjectConfigurationPlatforms) = postSolution
		{8E915841-F553-4385-B302-716149DD1403}.Debug|Any CPU.ActiveCfg = Debug|Any CPU
		{8E915841-F553-4385-B302-716149DD1403}.Debug|Any CPU.Build.0 = Debug|Any CPU
		{8E915841-F553-4385-B302-716149DD1403}.Release|Any CPU.ActiveCfg = Release|Any CPU
		{8E915841-F553-4385-B302-716149DD1403}.Release|Any CPU.Build.0 = Release|Any CPU
	EndGlobalSection
	GlobalSection(SolutionProperties) = preSolution
		HideSolutionNode = FALSE
	EndGlobalSection
	GlobalSection(ExtensibilityGlobals) = postSolution
		SolutionGuid = {148FD25B-DC07-4A76-9688-79BC862288AA}
	EndGlobalSection
EndGlobal
